
Microsoft Visual Studio Solution File, Format Version 12.00
# Visual Studio Version 16
VisualStudioVersion = 16.0.30517.126
MinimumVisualStudioVersion = 10.0.40219.1
Project("{FAE04EC0-301F-11D3-BF4B-00C04F79EFBC}") = "WebAPIBank", "WebAPIBank\WebAPIBank.csproj", "{0EF38082-D525-492C-A561-F8F240AEF8A0}"
EndProject
Global
	GlobalSection(SolutionConfigurationPlatforms) = preSolution
		Debug|Any CPU = Debug|Any CPU
		Release|Any CPU = Release|Any CPU
	EndGlobalSection
	GlobalSection(ProjectConfigurationPlatforms) = postSolution
		{0EF38082-D525-492C-A561-F8F240AEF8A0}.Debug|Any CPU.ActiveCfg = Debug|Any CPU
		{0EF38082-D525-492C-A561-F8F240AEF8A0}.Debug|Any CPU.Build.0 = Debug|Any CPU
		{0EF38082-D525-492C-A561-F8F240AEF8A0}.Release|Any CPU.ActiveCfg = Release|Any CPU
		{0EF38082-D525-492C-A561-F8F240AEF8A0}.Release|Any CPU.Build.0 = Release|Any CPU
	EndGlobalSection
	GlobalSection(SolutionProperties) = preSolution
		HideSolutionNode = FALSE
	EndGlobalSection
	GlobalSection(ExtensibilityGlobals) = postSolution
		SolutionGuid = {E6492D84-7E68-4205-B002-A7B48F081C5C}
	EndGlobalSection
EndGlobal
